// !$*UTF8*$!
{
	archiveVersion = 1;
	classes = {
	};
	objectVersion = 56;
	objects = {

/* Begin PBXBuildFile section */
		372333872B05520A00C11616 /* AppDelegate.swift in Sources */ = {isa = PBXBuildFile; fileRef = 372333862B05520A00C11616 /* AppDelegate.swift */; };
		372333892B05520A00C11616 /* SceneDelegate.swift in Sources */ = {isa = PBXBuildFile; fileRef = 372333882B05520A00C11616 /* SceneDelegate.swift */; };
		3723338B2B05520A00C11616 /* SearchViewController.swift in Sources */ = {isa = PBXBuildFile; fileRef = 3723338A2B05520A00C11616 /* SearchViewController.swift */; };
		3723338E2B05520B00C11616 /* LaunchScreen.storyboard in Resources */ = {isa = PBXBuildFile; fileRef = 3723338C2B05520B00C11616 /* LaunchScreen.storyboard */; };
		372333902B05520B00C11616 /* Assets.xcassets in Resources */ = {isa = PBXBuildFile; fileRef = 3723338F2B05520B00C11616 /* Assets.xcassets */; };
		372333932B05520B00C11616 /* Main.storyboard in Resources */ = {isa = PBXBuildFile; fileRef = 372333912B05520B00C11616 /* Main.storyboard */; };
		3723339F2B05526B00C11616 /* DadataGateway.swift in Sources */ = {isa = PBXBuildFile; fileRef = 3723339E2B05526B00C11616 /* DadataGateway.swift */; };
		372333A32B05569700C11616 /* Counterparty.swift in Sources */ = {isa = PBXBuildFile; fileRef = 372333A22B05569700C11616 /* Counterparty.swift */; };
		372333AA2B05677100C11616 /* DadataRestModel.swift in Sources */ = {isa = PBXBuildFile; fileRef = 372333A92B05677100C11616 /* DadataRestModel.swift */; };
		372333AD2B05683300C11616 /* CounterpartyData.swift in Sources */ = {isa = PBXBuildFile; fileRef = 372333AC2B05683300C11616 /* CounterpartyData.swift */; };
		372333B02B05687E00C11616 /* Ownership.swift in Sources */ = {isa = PBXBuildFile; fileRef = 372333AF2B05687E00C11616 /* Ownership.swift */; };
		372333B22B056E4800C11616 /* CounterpartyListViewController.swift in Sources */ = {isa = PBXBuildFile; fileRef = 372333B12B056E4800C11616 /* CounterpartyListViewController.swift */; };
		372333B42B056ED300C11616 /* StoryboardIds.swift in Sources */ = {isa = PBXBuildFile; fileRef = 372333B32B056ED300C11616 /* StoryboardIds.swift */; };
		372333B62B0570D700C11616 /* CounterpartyViewController.swift in Sources */ = {isa = PBXBuildFile; fileRef = 372333B52B0570D700C11616 /* CounterpartyViewController.swift */; };
/* End PBXBuildFile section */

/* Begin PBXFileReference section */
		372333832B05520A00C11616 /* SearchCounterparty.app */ = {isa = PBXFileReference; explicitFileType = wrapper.application; includeInIndex = 0; path = SearchCounterparty.app; sourceTree = BUILT_PRODUCTS_DIR; };
		372333862B05520A00C11616 /* AppDelegate.swift */ = {isa = PBXFileReference; lastKnownFileType = sourcecode.swift; path = AppDelegate.swift; sourceTree = "<group>"; };
		372333882B05520A00C11616 /* SceneDelegate.swift */ = {isa = PBXFileReference; lastKnownFileType = sourcecode.swift; path = SceneDelegate.swift; sourceTree = "<group>"; };
		3723338A2B05520A00C11616 /* SearchViewController.swift */ = {isa = PBXFileReference; lastKnownFileType = sourcecode.swift; path = SearchViewController.swift; sourceTree = "<group>"; };
		3723338D2B05520B00C11616 /* Base */ = {isa = PBXFileReference; lastKnownFileType = file.storyboard; name = Base; path = Base.lproj/LaunchScreen.storyboard; sourceTree = "<group>"; };
		3723338F2B05520B00C11616 /* Assets.xcassets */ = {isa = PBXFileReference; lastKnownFileType = folder.assetcatalog; path = Assets.xcassets; sourceTree = "<group>"; };
		372333922B05520B00C11616 /* Base */ = {isa = PBXFileReference; lastKnownFileType = file.storyboard; name = Base; path = Base.lproj/Main.storyboard; sourceTree = "<group>"; };
		372333942B05520B00C11616 /* Info.plist */ = {isa = PBXFileReference; lastKnownFileType = text.plist.xml; path = Info.plist; sourceTree = "<group>"; };
		3723339E2B05526B00C11616 /* DadataGateway.swift */ = {isa = PBXFileReference; lastKnownFileType = sourcecode.swift; path = DadataGateway.swift; sourceTree = "<group>"; };
		372333A22B05569700C11616 /* Counterparty.swift */ = {isa = PBXFileReference; lastKnownFileType = sourcecode.swift; path = Counterparty.swift; sourceTree = "<group>"; };
		372333A92B05677100C11616 /* DadataRestModel.swift */ = {isa = PBXFileReference; lastKnownFileType = sourcecode.swift; path = DadataRestModel.swift; sourceTree = "<group>"; };
		372333AC2B05683300C11616 /* CounterpartyData.swift */ = {isa = PBXFileReference; lastKnownFileType = sourcecode.swift; path = CounterpartyData.swift; sourceTree = "<group>"; };
		372333AF2B05687E00C11616 /* Ownership.swift */ = {isa = PBXFileReference; lastKnownFileType = sourcecode.swift; path = Ownership.swift; sourceTree = "<group>"; };
		372333B12B056E4800C11616 /* CounterpartyListViewController.swift */ = {isa = PBXFileReference; lastKnownFileType = sourcecode.swift; path = CounterpartyListViewController.swift; sourceTree = "<group>"; };
		372333B32B056ED300C11616 /* StoryboardIds.swift */ = {isa = PBXFileReference; lastKnownFileType = sourcecode.swift; path = StoryboardIds.swift; sourceTree = "<group>"; };
		372333B52B0570D700C11616 /* CounterpartyViewController.swift */ = {isa = PBXFileReference; lastKnownFileType = sourcecode.swift; path = CounterpartyViewController.swift; sourceTree = "<group>"; };
/* End PBXFileReference section */

/* Begin PBXFrameworksBuildPhase section */
		372333802B05520A00C11616 /* Frameworks */ = {
			isa = PBXFrameworksBuildPhase;
			buildActionMask = 2147483647;
			files = (
			);
			runOnlyForDeploymentPostprocessing = 0;
		};
/* End PBXFrameworksBuildPhase section */

/* Begin PBXGroup section */
		3723337A2B05520A00C11616 = {
			isa = PBXGroup;
			children = (
				372333852B05520A00C11616 /* SearchCounterparty */,
				372333842B05520A00C11616 /* Products */,
			);
			sourceTree = "<group>";
		};
		372333842B05520A00C11616 /* Products */ = {
			isa = PBXGroup;
			children = (
				372333832B05520A00C11616 /* SearchCounterparty.app */,
			);
			name = Products;
			sourceTree = "<group>";
		};
		372333852B05520A00C11616 /* SearchCounterparty */ = {
			isa = PBXGroup;
			children = (
				372333AE2B05686800C11616 /* Enums */,
				3723339A2B05522500C11616 /* Application */,
				3723339D2B05525800C11616 /* Gateway */,
				372333A02B05527C00C11616 /* Storyboards */,
				3723339C2B05523F00C11616 /* ViewControllers */,
				3723339B2B05523900C11616 /* Models */,
				372333A12B05528E00C11616 /* Supports */,
			);
			path = SearchCounterparty;
			sourceTree = "<group>";
		};
		3723339A2B05522500C11616 /* Application */ = {
			isa = PBXGroup;
			children = (
				372333862B05520A00C11616 /* AppDelegate.swift */,
				372333882B05520A00C11616 /* SceneDelegate.swift */,
				372333942B05520B00C11616 /* Info.plist */,
			);
			path = Application;
			sourceTree = "<group>";
		};
		3723339B2B05523900C11616 /* Models */ = {
			isa = PBXGroup;
			children = (
				372333A72B0566CC00C11616 /* Entities */,
				372333A82B0566DA00C11616 /* Responses */,
			);
			path = Models;
			sourceTree = "<group>";
		};
		3723339C2B05523F00C11616 /* ViewControllers */ = {
			isa = PBXGroup;
			children = (
				3723338A2B05520A00C11616 /* SearchViewController.swift */,
				372333B12B056E4800C11616 /* CounterpartyListViewController.swift */,
				372333B52B0570D700C11616 /* CounterpartyViewController.swift */,
			);
			path = ViewControllers;
			sourceTree = "<group>";
		};
		3723339D2B05525800C11616 /* Gateway */ = {
			isa = PBXGroup;
			children = (
				3723339E2B05526B00C11616 /* DadataGateway.swift */,
			);
			path = Gateway;
			sourceTree = "<group>";
		};
		372333A02B05527C00C11616 /* Storyboards */ = {
			isa = PBXGroup;
			children = (
				3723338C2B05520B00C11616 /* LaunchScreen.storyboard */,
				372333912B05520B00C11616 /* Main.storyboard */,
			);
			path = Storyboards;
			sourceTree = "<group>";
		};
		372333A12B05528E00C11616 /* Supports */ = {
			isa = PBXGroup;
			children = (
				372333B32B056ED300C11616 /* StoryboardIds.swift */,
				3723338F2B05520B00C11616 /* Assets.xcassets */,
			);
			path = Supports;
			sourceTree = "<group>";
		};
		372333A72B0566CC00C11616 /* Entities */ = {
			isa = PBXGroup;
			children = (
				372333AB2B05681E00C11616 /* Counterparties */,
			);
			path = Entities;
			sourceTree = "<group>";
		};
		372333A82B0566DA00C11616 /* Responses */ = {
			isa = PBXGroup;
			children = (
				372333A92B05677100C11616 /* DadataRestModel.swift */,
			);
			path = Responses;
			sourceTree = "<group>";
		};
		372333AB2B05681E00C11616 /* Counterparties */ = {
			isa = PBXGroup;
			children = (
				372333A22B05569700C11616 /* Counterparty.swift */,
				372333AC2B05683300C11616 /* CounterpartyData.swift */,
			);
			path = Counterparties;
			sourceTree = "<group>";
		};
		372333AE2B05686800C11616 /* Enums */ = {
			isa = PBXGroup;
			children = (
				372333AF2B05687E00C11616 /* Ownership.swift */,
			);
			path = Enums;
			sourceTree = "<group>";
		};
/* End PBXGroup section */

/* Begin PBXNativeTarget section */
		372333822B05520A00C11616 /* SearchCounterparty */ = {
			isa = PBXNativeTarget;
			buildConfigurationList = 372333972B05520B00C11616 /* Build configuration list for PBXNativeTarget "SearchCounterparty" */;
			buildPhases = (
				3723337F2B05520A00C11616 /* Sources */,
				372333802B05520A00C11616 /* Frameworks */,
				372333812B05520A00C11616 /* Resources */,
			);
			buildRules = (
			);
			dependencies = (
			);
			name = SearchCounterparty;
			productName = SearchCounterparty;
			productReference = 372333832B05520A00C11616 /* SearchCounterparty.app */;
			productType = "com.apple.product-type.application";
		};
/* End PBXNativeTarget section */

/* Begin PBXProject section */
		3723337B2B05520A00C11616 /* Project object */ = {
			isa = PBXProject;
			attributes = {
				BuildIndependentTargetsInParallel = 1;
				LastSwiftUpdateCheck = 1500;
				LastUpgradeCheck = 1500;
				TargetAttributes = {
					372333822B05520A00C11616 = {
						CreatedOnToolsVersion = 15.0;
					};
				};
			};
			buildConfigurationList = 3723337E2B05520A00C11616 /* Build configuration list for PBXProject "SearchCounterparty" */;
			compatibilityVersion = "Xcode 14.0";
			developmentRegion = en;
			hasScannedForEncodings = 0;
			knownRegions = (
				en,
				Base,
			);
			mainGroup = 3723337A2B05520A00C11616;
			productRefGroup = 372333842B05520A00C11616 /* Products */;
			projectDirPath = "";
			projectRoot = "";
			targets = (
				372333822B05520A00C11616 /* SearchCounterparty */,
			);
		};
/* End PBXProject section */

/* Begin PBXResourcesBuildPhase section */
		372333812B05520A00C11616 /* Resources */ = {
			isa = PBXResourcesBuildPhase;
			buildActionMask = 2147483647;
			files = (
				372333932B05520B00C11616 /* Main.storyboard in Resources */,
				372333902B05520B00C11616 /* Assets.xcassets in Resources */,
				3723338E2B05520B00C11616 /* LaunchScreen.storyboard in Resources */,
			);
			runOnlyForDeploymentPostprocessing = 0;
		};
/* End PBXResourcesBuildPhase section */

/* Begin PBXSourcesBuildPhase section */
		3723337F2B05520A00C11616 /* Sources */ = {
			isa = PBXSourcesBuildPhase;
			buildActionMask = 2147483647;
			files = (
				372333AA2B05677100C11616 /* DadataRestModel.swift in Sources */,
				372333B22B056E4800C11616 /* CounterpartyListViewController.swift in Sources */,
				372333B02B05687E00C11616 /* Ownership.swift in Sources */,
				3723338B2B05520A00C11616 /* SearchViewController.swift in Sources */,
				372333872B05520A00C11616 /* AppDelegate.swift in Sources */,
				372333AD2B05683300C11616 /* CounterpartyData.swift in Sources */,
				372333B62B0570D700C11616 /* CounterpartyViewController.swift in Sources */,
				372333B42B056ED300C11616 /* StoryboardIds.swift in Sources */,
				372333A32B05569700C11616 /* Counterparty.swift in Sources */,
				372333892B05520A00C11616 /* SceneDelegate.swift in Sources */,
				3723339F2B05526B00C11616 /* DadataGateway.swift in Sources */,
			);
			runOnlyForDeploymentPostprocessing = 0;
		};
/* End PBXSourcesBuildPhase section */

/* Begin PBXVariantGroup section */
		3723338C2B05520B00C11616 /* LaunchScreen.storyboard */ = {
			isa = PBXVariantGroup;
			children = (
				3723338D2B05520B00C11616 /* Base */,
			);
			name = LaunchScreen.storyboard;
			sourceTree = "<group>";
		};
		372333912B05520B00C11616 /* Main.storyboard */ = {
			isa = PBXVariantGroup;
			children = (
				372333922B05520B00C11616 /* Base */,
			);
			name = Main.storyboard;
			sourceTree = "<group>";
		};
/* End PBXVariantGroup section */

/* Begin XCBuildConfiguration section */
		372333952B05520B00C11616 /* Debug */ = {
			isa = XCBuildConfiguration;
			buildSettings = {
				ALWAYS_SEARCH_USER_PATHS = NO;
				ASSETCATALOG_COMPILER_GENERATE_SWIFT_ASSET_SYMBOL_EXTENSIONS = YES;
				CLANG_ANALYZER_NONNULL = YES;
				CLANG_ANALYZER_NUMBER_OBJECT_CONVERSION = YES_AGGRESSIVE;
				CLANG_CXX_LANGUAGE_STANDARD = "gnu++20";
				CLANG_ENABLE_MODULES = YES;
				CLANG_ENABLE_OBJC_ARC = YES;
				CLANG_ENABLE_OBJC_WEAK = YES;
				CLANG_WARN_BLOCK_CAPTURE_AUTORELEASING = YES;
				CLANG_WARN_BOOL_CONVERSION = YES;
				CLANG_WARN_COMMA = YES;
				CLANG_WARN_CONSTANT_CONVERSION = YES;
				CLANG_WARN_DEPRECATED_OBJC_IMPLEMENTATIONS = YES;
				CLANG_WARN_DIRECT_OBJC_ISA_USAGE = YES_ERROR;
				CLANG_WARN_DOCUMENTATION_COMMENTS = YES;
				CLANG_WARN_EMPTY_BODY = YES;
				CLANG_WARN_ENUM_CONVERSION = YES;
				CLANG_WARN_INFINITE_RECURSION = YES;
				CLANG_WARN_INT_CONVERSION = YES;
				CLANG_WARN_NON_LITERAL_NULL_CONVERSION = YES;
				CLANG_WARN_OBJC_IMPLICIT_RETAIN_SELF = YES;
				CLANG_WARN_OBJC_LITERAL_CONVERSION = YES;
				CLANG_WARN_OBJC_ROOT_CLASS = YES_ERROR;
				CLANG_WARN_QUOTED_INCLUDE_IN_FRAMEWORK_HEADER = YES;
				CLANG_WARN_RANGE_LOOP_ANALYSIS = YES;
				CLANG_WARN_STRICT_PROTOTYPES = YES;
				CLANG_WARN_SUSPICIOUS_MOVE = YES;
				CLANG_WARN_UNGUARDED_AVAILABILITY = YES_AGGRESSIVE;
				CLANG_WARN_UNREACHABLE_CODE = YES;
				CLANG_WARN__DUPLICATE_METHOD_MATCH = YES;
				COPY_PHASE_STRIP = NO;
				DEBUG_INFORMATION_FORMAT = dwarf;
				ENABLE_STRICT_OBJC_MSGSEND = YES;
				ENABLE_TESTABILITY = YES;
				ENABLE_USER_SCRIPT_SANDBOXING = YES;
				GCC_C_LANGUAGE_STANDARD = gnu17;
				GCC_DYNAMIC_NO_PIC = NO;
				GCC_NO_COMMON_BLOCKS = YES;
				GCC_OPTIMIZATION_LEVEL = 0;
				GCC_PREPROCESSOR_DEFINITIONS = (
					"DEBUG=1",
					"$(inherited)",
				);
				GCC_WARN_64_TO_32_BIT_CONVERSION = YES;
				GCC_WARN_ABOUT_RETURN_TYPE = YES_ERROR;
				GCC_WARN_UNDECLARED_SELECTOR = YES;
				GCC_WARN_UNINITIALIZED_AUTOS = YES_AGGRESSIVE;
				GCC_WARN_UNUSED_FUNCTION = YES;
				GCC_WARN_UNUSED_VARIABLE = YES;
				IPHONEOS_DEPLOYMENT_TARGET = 17.0;
				LOCALIZATION_PREFERS_STRING_CATALOGS = YES;
				MTL_ENABLE_DEBUG_INFO = INCLUDE_SOURCE;
				MTL_FAST_MATH = YES;
				ONLY_ACTIVE_ARCH = YES;
				SDKROOT = iphoneos;
				SWIFT_ACTIVE_COMPILATION_CONDITIONS = "DEBUG $(inherited)";
				SWIFT_OPTIMIZATION_LEVEL = "-Onone";
			};
			name = Debug;
		};
		372333962B05520B00C11616 /* Release */ = {
			isa = XCBuildConfiguration;
			buildSettings = {
				ALWAYS_SEARCH_USER_PATHS = NO;
				ASSETCATALOG_COMPILER_GENERATE_SWIFT_ASSET_SYMBOL_EXTENSIONS = YES;
				CLANG_ANALYZER_NONNULL = YES;
				CLANG_ANALYZER_NUMBER_OBJECT_CONVERSION = YES_AGGRESSIVE;
				CLANG_CXX_LANGUAGE_STANDARD = "gnu++20";
				CLANG_ENABLE_MODULES = YES;
				CLANG_ENABLE_OBJC_ARC = YES;
				CLANG_ENABLE_OBJC_WEAK = YES;
				CLANG_WARN_BLOCK_CAPTURE_AUTORELEASING = YES;
				CLANG_WARN_BOOL_CONVERSION = YES;
				CLANG_WARN_COMMA = YES;
				CLANG_WARN_CONSTANT_CONVERSION = YES;
				CLANG_WARN_DEPRECATED_OBJC_IMPLEMENTATIONS = YES;
				CLANG_WARN_DIRECT_OBJC_ISA_USAGE = YES_ERROR;
				CLANG_WARN_DOCUMENTATION_COMMENTS = YES;
				CLANG_WARN_EMPTY_BODY = YES;
				CLANG_WARN_ENUM_CONVERSION = YES;
				CLANG_WARN_INFINITE_RECURSION = YES;
				CLANG_WARN_INT_CONVERSION = YES;
				CLANG_WARN_NON_LITERAL_NULL_CONVERSION = YES;
				CLANG_WARN_OBJC_IMPLICIT_RETAIN_SELF = YES;
				CLANG_WARN_OBJC_LITERAL_CONVERSION = YES;
				CLANG_WARN_OBJC_ROOT_CLASS = YES_ERROR;
				CLANG_WARN_QUOTED_INCLUDE_IN_FRAMEWORK_HEADER = YES;
				CLANG_WARN_RANGE_LOOP_ANALYSIS = YES;
				CLANG_WARN_STRICT_PROTOTYPES = YES;
				CLANG_WARN_SUSPICIOUS_MOVE = YES;
				CLANG_WARN_UNGUARDED_AVAILABILITY = YES_AGGRESSIVE;
				CLANG_WARN_UNREACHABLE_CODE = YES;
				CLANG_WARN__DUPLICATE_METHOD_MATCH = YES;
				COPY_PHASE_STRIP = NO;
				DEBUG_INFORMATION_FORMAT = "dwarf-with-dsym";
				ENABLE_NS_ASSERTIONS = NO;
				ENABLE_STRICT_OBJC_MSGSEND = YES;
				ENABLE_USER_SCRIPT_SANDBOXING = YES;
				GCC_C_LANGUAGE_STANDARD = gnu17;
				GCC_NO_COMMON_BLOCKS = YES;
				GCC_WARN_64_TO_32_BIT_CONVERSION = YES;
				GCC_WARN_ABOUT_RETURN_TYPE = YES_ERROR;
				GCC_WARN_UNDECLARED_SELECTOR = YES;
				GCC_WARN_UNINITIALIZED_AUTOS = YES_AGGRESSIVE;
				GCC_WARN_UNUSED_FUNCTION = YES;
				GCC_WARN_UNUSED_VARIABLE = YES;
				IPHONEOS_DEPLOYMENT_TARGET = 17.0;
				LOCALIZATION_PREFERS_STRING_CATALOGS = YES;
				MTL_ENABLE_DEBUG_INFO = NO;
				MTL_FAST_MATH = YES;
				SDKROOT = iphoneos;
				SWIFT_COMPILATION_MODE = wholemodule;
				VALIDATE_PRODUCT = YES;
			};
			name = Release;
		};
		372333982B05520B00C11616 /* Debug */ = {
			isa = XCBuildConfiguration;
			buildSettings = {
				ASSETCATALOG_COMPILER_APPICON_NAME = AppIcon;
				ASSETCATALOG_COMPILER_GLOBAL_ACCENT_COLOR_NAME = AccentColor;
				CODE_SIGN_STYLE = Automatic;
				CURRENT_PROJECT_VERSION = 1;
				DEVELOPMENT_TEAM = 4WMXX2LZFL;
				GENERATE_INFOPLIST_FILE = YES;
				INFOPLIST_FILE = SearchCounterparty/Application/Info.plist;
				INFOPLIST_KEY_CFBundleDisplayName = "Search counterparty";
				INFOPLIST_KEY_UIApplicationSupportsIndirectInputEvents = YES;
				INFOPLIST_KEY_UILaunchStoryboardName = LaunchScreen;
				INFOPLIST_KEY_UIMainStoryboardFile = Main;
				INFOPLIST_KEY_UISupportedInterfaceOrientations = UIInterfaceOrientationPortrait;
				INFOPLIST_KEY_UISupportedInterfaceOrientations_iPad = "UIInterfaceOrientationLandscapeLeft UIInterfaceOrientationLandscapeRight UIInterfaceOrientationPortrait UIInterfaceOrientationPortraitUpsideDown";
				LD_RUNPATH_SEARCH_PATHS = (
					"$(inherited)",
					"@executable_path/Frameworks",
				);
				MARKETING_VERSION = 1.0;
				PRODUCT_BUNDLE_IDENTIFIER = Dzhafari.SearchCounterparty;
				PRODUCT_NAME = "$(TARGET_NAME)";
				SUPPORTED_PLATFORMS = "iphoneos iphonesimulator";
				SUPPORTS_MACCATALYST = NO;
				SUPPORTS_MAC_DESIGNED_FOR_IPHONE_IPAD = NO;
				SWIFT_EMIT_LOC_STRINGS = YES;
				SWIFT_VERSION = 5.0;
				TARGETED_DEVICE_FAMILY = 1;
			};
			name = Debug;
		};
		372333992B05520B00C11616 /* Release */ = {
			isa = XCBuildConfiguration;
			buildSettings = {
				ASSETCATALOG_COMPILER_APPICON_NAME = AppIcon;
				ASSETCATALOG_COMPILER_GLOBAL_ACCENT_COLOR_NAME = AccentColor;
				CODE_SIGN_STYLE = Automatic;
				CURRENT_PROJECT_VERSION = 1;
				DEVELOPMENT_TEAM = 4WMXX2LZFL;
				GENERATE_INFOPLIST_FILE = YES;
				INFOPLIST_FILE = SearchCounterparty/Application/Info.plist;
				INFOPLIST_KEY_CFBundleDisplayName = "Search counterparty";
				INFOPLIST_KEY_UIApplicationSupportsIndirectInputEvents = YES;
				INFOPLIST_KEY_UILaunchStoryboardName = LaunchScreen;
				INFOPLIST_KEY_UIMainStoryboardFile = Main;
				INFOPLIST_KEY_UISupportedInterfaceOrientations = UIInterfaceOrientationPortrait;
				INFOPLIST_KEY_UISupportedInterfaceOrientations_iPad = "UIInterfaceOrientationLandscapeLeft UIInterfaceOrientationLandscapeRight UIInterfaceOrientationPortrait UIInterfaceOrientationPortraitUpsideDown";
				LD_RUNPATH_SEARCH_PATHS = (
					"$(inherited)",
					"@executable_path/Frameworks",
				);
				MARKETING_VERSION = 1.0;
				PRODUCT_BUNDLE_IDENTIFIER = Dzhafari.SearchCounterparty;
				PRODUCT_NAME = "$(TARGET_NAME)";
				SUPPORTED_PLATFORMS = "iphoneos iphonesimulator";
				SUPPORTS_MACCATALYST = NO;
				SUPPORTS_MAC_DESIGNED_FOR_IPHONE_IPAD = NO;
				SWIFT_EMIT_LOC_STRINGS = YES;
				SWIFT_VERSION = 5.0;
				TARGETED_DEVICE_FAMILY = 1;
			};
			name = Release;
		};
/* End XCBuildConfiguration section */

/* Begin XCConfigurationList section */
		3723337E2B05520A00C11616 /* Build configuration list for PBXProject "SearchCounterparty" */ = {
			isa = XCConfigurationList;
			buildConfigurations = (
				372333952B05520B00C11616 /* Debug */,
				372333962B05520B00C11616 /* Release */,
			);
			defaultConfigurationIsVisible = 0;
			defaultConfigurationName = Release;
		};
		372333972B05520B00C11616 /* Build configuration list for PBXNativeTarget "SearchCounterparty" */ = {
			isa = XCConfigurationList;
			buildConfigurations = (
				372333982B05520B00C11616 /* Debug */,
				372333992B05520B00C11616 /* Release */,
			);
			defaultConfigurationIsVisible = 0;
			defaultConfigurationName = Release;
		};
/* End XCConfigurationList section */
	};
	rootObject = 3723337B2B05520A00C11616 /* Project object */;
}
